
Microsoft Visual Studio Solution File, Format Version 12.00
# Visual Studio Version 16
VisualStudioVersion = 16.0.30907.101
MinimumVisualStudioVersion = 10.0.40219.1
Project("{FAE04EC0-301F-11D3-BF4B-00C04F79EFBC}") = "DataAccess", "DataAccess\DataAccess.csproj", "{CC60C66A-9730-4DC2-8128-455B6EEC906F}"
EndProject
Project("{FAE04EC0-301F-11D3-BF4B-00C04F79EFBC}") = "Business", "Business\Business.csproj", "{2894A677-D5E6-408D-9772-75455CB7ACAF}"
EndProject
Project("{FAE04EC0-301F-11D3-BF4B-00C04F79EFBC}") = "Entities", "Entities\Entities.csproj", "{DF87A9D8-541D-4A84-8FB0-FBE2AB520A64}"
EndProject
Project("{FAE04EC0-301F-11D3-BF4B-00C04F79EFBC}") = "ConsoleUI", "ConsoleUI\ConsoleUI.csproj", "{C901A0B0-7A35-4482-B887-BC351D6CD1D6}"
EndProject
Global
	GlobalSection(SolutionConfigurationPlatforms) = preSolution
		Debug|Any CPU = Debug|Any CPU
		Release|Any CPU = Release|Any CPU
	EndGlobalSection
	GlobalSection(ProjectConfigurationPlatforms) = postSolution
		{CC60C66A-9730-4DC2-8128-455B6EEC906F}.Debug|Any CPU.ActiveCfg = Debug|Any CPU
		{CC60C66A-9730-4DC2-8128-455B6EEC906F}.Debug|Any CPU.Build.0 = Debug|Any CPU
		{CC60C66A-9730-4DC2-8128-455B6EEC906F}.Release|Any CPU.ActiveCfg = Release|Any CPU
		{CC60C66A-9730-4DC2-8128-455B6EEC906F}.Release|Any CPU.Build.0 = Release|Any CPU
		{2894A677-D5E6-408D-9772-75455CB7ACAF}.Debug|Any CPU.ActiveCfg = Debug|Any CPU
		{2894A677-D5E6-408D-9772-75455CB7ACAF}.Debug|Any CPU.Build.0 = Debug|Any CPU
		{2894A677-D5E6-408D-9772-75455CB7ACAF}.Release|Any CPU.ActiveCfg = Release|Any CPU
		{2894A677-D5E6-408D-9772-75455CB7ACAF}.Release|Any CPU.Build.0 = Release|Any CPU
		{DF87A9D8-541D-4A84-8FB0-FBE2AB520A64}.Debug|Any CPU.ActiveCfg = Debug|Any CPU
		{DF87A9D8-541D-4A84-8FB0-FBE2AB520A64}.Debug|Any CPU.Build.0 = Debug|Any CPU
		{DF87A9D8-541D-4A84-8FB0-FBE2AB520A64}.Release|Any CPU.ActiveCfg = Release|Any CPU
		{DF87A9D8-541D-4A84-8FB0-FBE2AB520A64}.Release|Any CPU.Build.0 = Release|Any CPU
		{C901A0B0-7A35-4482-B887-BC351D6CD1D6}.Debug|Any CPU.ActiveCfg = Debug|Any CPU
		{C901A0B0-7A35-4482-B887-BC351D6CD1D6}.Debug|Any CPU.Build.0 = Debug|Any CPU
		{C901A0B0-7A35-4482-B887-BC351D6CD1D6}.Release|Any CPU.ActiveCfg = Release|Any CPU
		{C901A0B0-7A35-4482-B887-BC351D6CD1D6}.Release|Any CPU.Build.0 = Release|Any CPU
	EndGlobalSection
	GlobalSection(SolutionProperties) = preSolution
		HideSolutionNode = FALSE
	EndGlobalSection
	GlobalSection(ExtensibilityGlobals) = postSolution
		SolutionGuid = {2E043AAE-B3FB-4544-8B9A-6F7CCC81B697}
	EndGlobalSection
EndGlobal
