
Microsoft Visual Studio Solution File, Format Version 12.00
# Visual Studio Version 17
VisualStudioVersion = 17.0.32014.148
MinimumVisualStudioVersion = 10.0.40219.1
Project("{9A19103F-16F7-4668-BE54-9A1E7A4F7556}") = "DataAccess", "DataAccess\DataAccess.csproj", "{3C2D80F1-E9B2-4E51-AB81-B50BE2A34466}"
EndProject
Project("{9A19103F-16F7-4668-BE54-9A1E7A4F7556}") = "Business", "Business\Business.csproj", "{B086B3A4-02C6-4FA6-93BD-1ACCAA142F5B}"
EndProject
Project("{9A19103F-16F7-4668-BE54-9A1E7A4F7556}") = "Entities", "Entities\Entities.csproj", "{A2993352-2E3F-4C1F-951A-A9405379B9FB}"
EndProject
Project("{9A19103F-16F7-4668-BE54-9A1E7A4F7556}") = "ConsoleUI", "ConsoleUI\ConsoleUI.csproj", "{A9744350-25B4-48CA-B627-5E35909190DC}"
EndProject
Project("{9A19103F-16F7-4668-BE54-9A1E7A4F7556}") = "Core", "Core\Core.csproj", "{B3076B10-63AD-479D-9EBE-B37BF076DDA4}"
EndProject
Project("{FAE04EC0-301F-11D3-BF4B-00C04F79EFBC}") = "WebAPI", "WebAPI\WebAPI.csproj", "{FA296253-462B-48D5-8814-9D50D68D27B0}"
EndProject
Global
	GlobalSection(SolutionConfigurationPlatforms) = preSolution
		Debug|Any CPU = Debug|Any CPU
		Release|Any CPU = Release|Any CPU
	EndGlobalSection
	GlobalSection(ProjectConfigurationPlatforms) = postSolution
		{3C2D80F1-E9B2-4E51-AB81-B50BE2A34466}.Debug|Any CPU.ActiveCfg = Debug|Any CPU
		{3C2D80F1-E9B2-4E51-AB81-B50BE2A34466}.Debug|Any CPU.Build.0 = Debug|Any CPU
		{3C2D80F1-E9B2-4E51-AB81-B50BE2A34466}.Release|Any CPU.ActiveCfg = Release|Any CPU
		{3C2D80F1-E9B2-4E51-AB81-B50BE2A34466}.Release|Any CPU.Build.0 = Release|Any CPU
		{B086B3A4-02C6-4FA6-93BD-1ACCAA142F5B}.Debug|Any CPU.ActiveCfg = Debug|Any CPU
		{B086B3A4-02C6-4FA6-93BD-1ACCAA142F5B}.Debug|Any CPU.Build.0 = Debug|Any CPU
		{B086B3A4-02C6-4FA6-93BD-1ACCAA142F5B}.Release|Any CPU.ActiveCfg = Release|Any CPU
		{B086B3A4-02C6-4FA6-93BD-1ACCAA142F5B}.Release|Any CPU.Build.0 = Release|Any CPU
		{A2993352-2E3F-4C1F-951A-A9405379B9FB}.Debug|Any CPU.ActiveCfg = Debug|Any CPU
		{A2993352-2E3F-4C1F-951A-A9405379B9FB}.Debug|Any CPU.Build.0 = Debug|Any CPU
		{A2993352-2E3F-4C1F-951A-A9405379B9FB}.Release|Any CPU.ActiveCfg = Release|Any CPU
		{A2993352-2E3F-4C1F-951A-A9405379B9FB}.Release|Any CPU.Build.0 = Release|Any CPU
		{A9744350-25B4-48CA-B627-5E35909190DC}.Debug|Any CPU.ActiveCfg = Debug|Any CPU
		{A9744350-25B4-48CA-B627-5E35909190DC}.Debug|Any CPU.Build.0 = Debug|Any CPU
		{A9744350-25B4-48CA-B627-5E35909190DC}.Release|Any CPU.ActiveCfg = Release|Any CPU
		{A9744350-25B4-48CA-B627-5E35909190DC}.Release|Any CPU.Build.0 = Release|Any CPU
		{B3076B10-63AD-479D-9EBE-B37BF076DDA4}.Debug|Any CPU.ActiveCfg = Debug|Any CPU
		{B3076B10-63AD-479D-9EBE-B37BF076DDA4}.Debug|Any CPU.Build.0 = Debug|Any CPU
		{B3076B10-63AD-479D-9EBE-B37BF076DDA4}.Release|Any CPU.ActiveCfg = Release|Any CPU
		{B3076B10-63AD-479D-9EBE-B37BF076DDA4}.Release|Any CPU.Build.0 = Release|Any CPU
		{FA296253-462B-48D5-8814-9D50D68D27B0}.Debug|Any CPU.ActiveCfg = Debug|Any CPU
		{FA296253-462B-48D5-8814-9D50D68D27B0}.Debug|Any CPU.Build.0 = Debug|Any CPU
		{FA296253-462B-48D5-8814-9D50D68D27B0}.Release|Any CPU.ActiveCfg = Release|Any CPU
		{FA296253-462B-48D5-8814-9D50D68D27B0}.Release|Any CPU.Build.0 = Release|Any CPU
	EndGlobalSection
	GlobalSection(SolutionProperties) = preSolution
		HideSolutionNode = FALSE
	EndGlobalSection
	GlobalSection(ExtensibilityGlobals) = postSolution
		SolutionGuid = {2B00FCCA-7B8B-443A-97A6-14111A6CD39B}
	EndGlobalSection
EndGlobal
